
Microsoft Visual Studio Solution File, Format Version 12.00
# Visual Studio Version 17
VisualStudioVersion = 17.9.34622.214
MinimumVisualStudioVersion = 10.0.40219.1
Project("{FAE04EC0-301F-11D3-BF4B-00C04F79EFBC}") = "student_project", "student_project.csproj", "{F3AF0DD8-F005-4D19-9D23-ED684A1BBDAF}"
EndProject
Global
	GlobalSection(SolutionConfigurationPlatforms) = preSolution
		Debug|Any CPU = Debug|Any CPU
		Release|Any CPU = Release|Any CPU
	EndGlobalSection
	GlobalSection(ProjectConfigurationPlatforms) = postSolution
		{F3AF0DD8-F005-4D19-9D23-ED684A1BBDAF}.Debug|Any CPU.ActiveCfg = Debug|Any CPU
		{F3AF0DD8-F005-4D19-9D23-ED684A1BBDAF}.Debug|Any CPU.Build.0 = Debug|Any CPU
		{F3AF0DD8-F005-4D19-9D23-ED684A1BBDAF}.Release|Any CPU.ActiveCfg = Release|Any CPU
		{F3AF0DD8-F005-4D19-9D23-ED684A1BBDAF}.Release|Any CPU.Build.0 = Release|Any CPU
	EndGlobalSection
	GlobalSection(SolutionProperties) = preSolution
		HideSolutionNode = FALSE
	EndGlobalSection
	GlobalSection(ExtensibilityGlobals) = postSolution
		SolutionGuid = {A5C0DC15-59F9-4248-8668-93AE2950125F}
	EndGlobalSection
EndGlobal
